
Microsoft Visual Studio Solution File, Format Version 12.00
# Visual Studio Version 17
VisualStudioVersion = 17.6.33717.318
MinimumVisualStudioVersion = 10.0.40219.1
Project("{FAE04EC0-301F-11D3-BF4B-00C04F79EFBC}") = "StorageApi", "StorageApi.csproj", "{96AF6003-4C88-4233-906C-193B8E923F8B}"
EndProject
Global
	GlobalSection(SolutionConfigurationPlatforms) = preSolution
		Debug|Any CPU = Debug|Any CPU
		Release|Any CPU = Release|Any CPU
	EndGlobalSection
	GlobalSection(ProjectConfigurationPlatforms) = postSolution
		{96AF6003-4C88-4233-906C-193B8E923F8B}.Debug|Any CPU.ActiveCfg = Debug|Any CPU
		{96AF6003-4C88-4233-906C-193B8E923F8B}.Debug|Any CPU.Build.0 = Debug|Any CPU
		{96AF6003-4C88-4233-906C-193B8E923F8B}.Release|Any CPU.ActiveCfg = Release|Any CPU
		{96AF6003-4C88-4233-906C-193B8E923F8B}.Release|Any CPU.Build.0 = Release|Any CPU
	EndGlobalSection
	GlobalSection(SolutionProperties) = preSolution
		HideSolutionNode = FALSE
	EndGlobalSection
	GlobalSection(ExtensibilityGlobals) = postSolution
		SolutionGuid = {9AB229F6-E335-4FB8-9F64-0493801A2705}
	EndGlobalSection
EndGlobal
